
Microsoft Visual Studio Solution File, Format Version 12.00
# Visual Studio 15
VisualStudioVersion = 15.0.28307.1062
MinimumVisualStudioVersion = 10.0.40219.1
Project("{FAE04EC0-301F-11D3-BF4B-00C04F79EFBC}") = "SharePointAddInForEMTeams", "SharePointAddInForEMTeams\SharePointAddInForEMTeams.csproj", "{08F251C8-E03F-4D72-B1ED-6E73CEB08946}"
	ProjectSection(ProjectDependencies) = postProject
		{BF07706F-6BA5-4759-8C89-ADC46B99DA8A} = {BF07706F-6BA5-4759-8C89-ADC46B99DA8A}
	EndProjectSection
EndProject
Project("{FAE04EC0-301F-11D3-BF4B-00C04F79EFBC}") = "SharePointAddInForEMTeamsWeb", "SharePointAddInForEMTeamsWeb\SharePointAddInForEMTeamsWeb.csproj", "{BF07706F-6BA5-4759-8C89-ADC46B99DA8A}"
EndProject
Global
	GlobalSection(SolutionConfigurationPlatforms) = preSolution
		Debug|Any CPU = Debug|Any CPU
		Debug|x64 = Debug|x64
		Release|Any CPU = Release|Any CPU
		Release|x64 = Release|x64
	EndGlobalSection
	GlobalSection(ProjectConfigurationPlatforms) = postSolution
		{08F251C8-E03F-4D72-B1ED-6E73CEB08946}.Debug|Any CPU.ActiveCfg = Debug|x64
		{08F251C8-E03F-4D72-B1ED-6E73CEB08946}.Debug|Any CPU.Build.0 = Debug|x64
		{08F251C8-E03F-4D72-B1ED-6E73CEB08946}.Debug|Any CPU.Deploy.0 = Debug|x64
		{08F251C8-E03F-4D72-B1ED-6E73CEB08946}.Debug|x64.ActiveCfg = Debug|x64
		{08F251C8-E03F-4D72-B1ED-6E73CEB08946}.Debug|x64.Build.0 = Debug|x64
		{08F251C8-E03F-4D72-B1ED-6E73CEB08946}.Debug|x64.Deploy.0 = Debug|x64
		{08F251C8-E03F-4D72-B1ED-6E73CEB08946}.Release|Any CPU.ActiveCfg = Release|Any CPU
		{08F251C8-E03F-4D72-B1ED-6E73CEB08946}.Release|Any CPU.Build.0 = Release|Any CPU
		{08F251C8-E03F-4D72-B1ED-6E73CEB08946}.Release|Any CPU.Deploy.0 = Release|Any CPU
		{08F251C8-E03F-4D72-B1ED-6E73CEB08946}.Release|x64.ActiveCfg = Release|x64
		{08F251C8-E03F-4D72-B1ED-6E73CEB08946}.Release|x64.Build.0 = Release|x64
		{08F251C8-E03F-4D72-B1ED-6E73CEB08946}.Release|x64.Deploy.0 = Release|x64
		{BF07706F-6BA5-4759-8C89-ADC46B99DA8A}.Debug|Any CPU.ActiveCfg = Debug|x64
		{BF07706F-6BA5-4759-8C89-ADC46B99DA8A}.Debug|Any CPU.Build.0 = Debug|x64
		{BF07706F-6BA5-4759-8C89-ADC46B99DA8A}.Debug|x64.ActiveCfg = Debug|x64
		{BF07706F-6BA5-4759-8C89-ADC46B99DA8A}.Debug|x64.Build.0 = Debug|x64
		{BF07706F-6BA5-4759-8C89-ADC46B99DA8A}.Release|Any CPU.ActiveCfg = Release|Any CPU
		{BF07706F-6BA5-4759-8C89-ADC46B99DA8A}.Release|Any CPU.Build.0 = Release|Any CPU
		{BF07706F-6BA5-4759-8C89-ADC46B99DA8A}.Release|x64.ActiveCfg = Release|x64
		{BF07706F-6BA5-4759-8C89-ADC46B99DA8A}.Release|x64.Build.0 = Release|x64
	EndGlobalSection
	GlobalSection(SolutionProperties) = preSolution
		HideSolutionNode = FALSE
	EndGlobalSection
	GlobalSection(ExtensibilityGlobals) = postSolution
		SolutionGuid = {79B8D4F2-66BF-4648-ADEF-2E9985216800}
	EndGlobalSection
EndGlobal
